
Microsoft Visual Studio Solution File, Format Version 12.00
# Visual Studio Version 17
VisualStudioVersion = 17.0.32112.339
MinimumVisualStudioVersion = 10.0.40219.1
Project("{8BC9CEB8-8B4A-11D0-8D11-00A0C91BC942}") = "Inheritanse", "Inheritanse\Inheritanse.vcxproj", "{09024BD8-729B-4873-A8EC-F158D955B88E}"
EndProject
Project("{8BC9CEB8-8B4A-11D0-8D11-00A0C91BC942}") = "Academy", "Academy\Academy.vcxproj", "{396E3CBF-C840-46EE-8578-E81EC27A5F43}"
EndProject
Project("{8BC9CEB8-8B4A-11D0-8D11-00A0C91BC942}") = "Employees", "Employees\Employees.vcxproj", "{4F55D20D-7CAE-4A44-A20B-3DBA3E40F8CD}"
EndProject
Project("{8BC9CEB8-8B4A-11D0-8D11-00A0C91BC942}") = "Department", "Department\Department.vcxproj", "{102C983E-0D45-4DD5-8C2E-84B352F05E4D}"
EndProject
Project("{8BC9CEB8-8B4A-11D0-8D11-00A0C91BC942}") = "Files", "Files\Files.vcxproj", "{99A0F9DA-1E84-4953-887D-D03CA5D80AC2}"
EndProject
Project("{8BC9CEB8-8B4A-11D0-8D11-00A0C91BC942}") = "GeometriShapes", "geometri_shapes\geometri_shapes.vcxproj", "{50F62C9E-40EC-4BCA-AC99-CAD53FFD271A}"
EndProject
Project("{8BC9CEB8-8B4A-11D0-8D11-00A0C91BC942}") = "AbstractGeometry", "AbstractGeometry\AbstractGeometry.vcxproj", "{40BA5E3F-EC79-4C90-B1C6-F765B66B77A1}"
EndProject
Global
	GlobalSection(SolutionConfigurationPlatforms) = preSolution
		Debug|x64 = Debug|x64
		Debug|x86 = Debug|x86
		Release|x64 = Release|x64
		Release|x86 = Release|x86
	EndGlobalSection
	GlobalSection(ProjectConfigurationPlatforms) = postSolution
		{09024BD8-729B-4873-A8EC-F158D955B88E}.Debug|x64.ActiveCfg = Debug|x64
		{09024BD8-729B-4873-A8EC-F158D955B88E}.Debug|x64.Build.0 = Debug|x64
		{09024BD8-729B-4873-A8EC-F158D955B88E}.Debug|x86.ActiveCfg = Debug|Win32
		{09024BD8-729B-4873-A8EC-F158D955B88E}.Debug|x86.Build.0 = Debug|Win32
		{09024BD8-729B-4873-A8EC-F158D955B88E}.Release|x64.ActiveCfg = Release|x64
		{09024BD8-729B-4873-A8EC-F158D955B88E}.Release|x64.Build.0 = Release|x64
		{09024BD8-729B-4873-A8EC-F158D955B88E}.Release|x86.ActiveCfg = Release|Win32
		{09024BD8-729B-4873-A8EC-F158D955B88E}.Release|x86.Build.0 = Release|Win32
		{396E3CBF-C840-46EE-8578-E81EC27A5F43}.Debug|x64.ActiveCfg = Debug|x64
		{396E3CBF-C840-46EE-8578-E81EC27A5F43}.Debug|x64.Build.0 = Debug|x64
		{396E3CBF-C840-46EE-8578-E81EC27A5F43}.Debug|x86.ActiveCfg = Debug|Win32
		{396E3CBF-C840-46EE-8578-E81EC27A5F43}.Debug|x86.Build.0 = Debug|Win32
		{396E3CBF-C840-46EE-8578-E81EC27A5F43}.Release|x64.ActiveCfg = Release|x64
		{396E3CBF-C840-46EE-8578-E81EC27A5F43}.Release|x64.Build.0 = Release|x64
		{396E3CBF-C840-46EE-8578-E81EC27A5F43}.Release|x86.ActiveCfg = Release|Win32
		{396E3CBF-C840-46EE-8578-E81EC27A5F43}.Release|x86.Build.0 = Release|Win32
		{4F55D20D-7CAE-4A44-A20B-3DBA3E40F8CD}.Debug|x64.ActiveCfg = Debug|x64
		{4F55D20D-7CAE-4A44-A20B-3DBA3E40F8CD}.Debug|x64.Build.0 = Debug|x64
		{4F55D20D-7CAE-4A44-A20B-3DBA3E40F8CD}.Debug|x86.ActiveCfg = Debug|Win32
		{4F55D20D-7CAE-4A44-A20B-3DBA3E40F8CD}.Debug|x86.Build.0 = Debug|Win32
		{4F55D20D-7CAE-4A44-A20B-3DBA3E40F8CD}.Release|x64.ActiveCfg = Release|x64
		{4F55D20D-7CAE-4A44-A20B-3DBA3E40F8CD}.Release|x64.Build.0 = Release|x64
		{4F55D20D-7CAE-4A44-A20B-3DBA3E40F8CD}.Release|x86.ActiveCfg = Release|Win32
		{4F55D20D-7CAE-4A44-A20B-3DBA3E40F8CD}.Release|x86.Build.0 = Release|Win32
		{102C983E-0D45-4DD5-8C2E-84B352F05E4D}.Debug|x64.ActiveCfg = Debug|x64
		{102C983E-0D45-4DD5-8C2E-84B352F05E4D}.Debug|x64.Build.0 = Debug|x64
		{102C983E-0D45-4DD5-8C2E-84B352F05E4D}.Debug|x86.ActiveCfg = Debug|Win32
		{102C983E-0D45-4DD5-8C2E-84B352F05E4D}.Debug|x86.Build.0 = Debug|Win32
		{102C983E-0D45-4DD5-8C2E-84B352F05E4D}.Release|x64.ActiveCfg = Release|x64
		{102C983E-0D45-4DD5-8C2E-84B352F05E4D}.Release|x64.Build.0 = Release|x64
		{102C983E-0D45-4DD5-8C2E-84B352F05E4D}.Release|x86.ActiveCfg = Release|Win32
		{102C983E-0D45-4DD5-8C2E-84B352F05E4D}.Release|x86.Build.0 = Release|Win32
		{99A0F9DA-1E84-4953-887D-D03CA5D80AC2}.Debug|x64.ActiveCfg = Debug|x64
		{99A0F9DA-1E84-4953-887D-D03CA5D80AC2}.Debug|x64.Build.0 = Debug|x64
		{99A0F9DA-1E84-4953-887D-D03CA5D80AC2}.Debug|x86.ActiveCfg = Debug|Win32
		{99A0F9DA-1E84-4953-887D-D03CA5D80AC2}.Debug|x86.Build.0 = Debug|Win32
		{99A0F9DA-1E84-4953-887D-D03CA5D80AC2}.Release|x64.ActiveCfg = Release|x64
		{99A0F9DA-1E84-4953-887D-D03CA5D80AC2}.Release|x64.Build.0 = Release|x64
		{99A0F9DA-1E84-4953-887D-D03CA5D80AC2}.Release|x86.ActiveCfg = Release|Win32
		{99A0F9DA-1E84-4953-887D-D03CA5D80AC2}.Release|x86.Build.0 = Release|Win32
		{50F62C9E-40EC-4BCA-AC99-CAD53FFD271A}.Debug|x64.ActiveCfg = Debug|x64
		{50F62C9E-40EC-4BCA-AC99-CAD53FFD271A}.Debug|x64.Build.0 = Debug|x64
		{50F62C9E-40EC-4BCA-AC99-CAD53FFD271A}.Debug|x86.ActiveCfg = Debug|Win32
		{50F62C9E-40EC-4BCA-AC99-CAD53FFD271A}.Debug|x86.Build.0 = Debug|Win32
		{50F62C9E-40EC-4BCA-AC99-CAD53FFD271A}.Release|x64.ActiveCfg = Release|x64
		{50F62C9E-40EC-4BCA-AC99-CAD53FFD271A}.Release|x64.Build.0 = Release|x64
		{50F62C9E-40EC-4BCA-AC99-CAD53FFD271A}.Release|x86.ActiveCfg = Release|Win32
		{50F62C9E-40EC-4BCA-AC99-CAD53FFD271A}.Release|x86.Build.0 = Release|Win32
		{40BA5E3F-EC79-4C90-B1C6-F765B66B77A1}.Debug|x64.ActiveCfg = Debug|x64
		{40BA5E3F-EC79-4C90-B1C6-F765B66B77A1}.Debug|x64.Build.0 = Debug|x64
		{40BA5E3F-EC79-4C90-B1C6-F765B66B77A1}.Debug|x86.ActiveCfg = Debug|Win32
		{40BA5E3F-EC79-4C90-B1C6-F765B66B77A1}.Debug|x86.Build.0 = Debug|Win32
		{40BA5E3F-EC79-4C90-B1C6-F765B66B77A1}.Release|x64.ActiveCfg = Release|x64
		{40BA5E3F-EC79-4C90-B1C6-F765B66B77A1}.Release|x64.Build.0 = Release|x64
		{40BA5E3F-EC79-4C90-B1C6-F765B66B77A1}.Release|x86.ActiveCfg = Release|Win32
		{40BA5E3F-EC79-4C90-B1C6-F765B66B77A1}.Release|x86.Build.0 = Release|Win32
	EndGlobalSection
	GlobalSection(SolutionProperties) = preSolution
		HideSolutionNode = FALSE
	EndGlobalSection
	GlobalSection(ExtensibilityGlobals) = postSolution
		SolutionGuid = {3D7D6684-1573-45DA-8643-EEEDCEAB21A6}
	EndGlobalSection
EndGlobal
